
Microsoft Visual Studio Solution File, Format Version 12.00
# Visual Studio Version 17
VisualStudioVersion = 17.6.33829.357
MinimumVisualStudioVersion = 10.0.40219.1
Project("{9A19103F-16F7-4668-BE54-9A1E7A4F7556}") = "Integracao.CPTEC.Domain", "Integracao.CPTEC.Domain\Integracao.CPTEC.Domain.csproj", "{C8FFF33D-9DC5-4A4E-A146-92BB1E826C24}"
EndProject
Project("{9A19103F-16F7-4668-BE54-9A1E7A4F7556}") = "Integracao.CPTEC.Application", "Integracao.CPTEC.Application\Integracao.CPTEC.Application.csproj", "{3D8BD728-C757-4010-B2FE-EBD390765E0A}"
EndProject
Project("{9A19103F-16F7-4668-BE54-9A1E7A4F7556}") = "Integracao.CPTEC.Infra.Data", "Integracao.CPTEC.Infra.Data\Integracao.CPTEC.Infra.Data.csproj", "{F20DCBEC-A72F-4D45-B48E-318071FC50C2}"
EndProject
Project("{9A19103F-16F7-4668-BE54-9A1E7A4F7556}") = "Integracao.CPTEC.Infra.IoC", "Integracao.CPTEC.Infra.IoC\Integracao.CPTEC.Infra.IoC.csproj", "{40071206-34EB-4AD3-830C-A3486DC3C4FE}"
EndProject
Project("{9A19103F-16F7-4668-BE54-9A1E7A4F7556}") = "Integracao.CPTEC.API", "Integracao.CPTEC.API\Integracao.CPTEC.API.csproj", "{C22D3E1F-6D93-4B79-BDC4-9367B4DEFA02}"
EndProject
Project("{FAE04EC0-301F-11D3-BF4B-00C04F79EFBC}") = "Integracao.CPTEC.Domain.Tests", "Integracao.CPTEC.Domain.Tests\Integracao.CPTEC.Domain.Tests.csproj", "{2F6EA022-49C3-4CEA-A2C0-A43B726A4391}"
EndProject
Global
	GlobalSection(SolutionConfigurationPlatforms) = preSolution
		Debug|Any CPU = Debug|Any CPU
		Release|Any CPU = Release|Any CPU
	EndGlobalSection
	GlobalSection(ProjectConfigurationPlatforms) = postSolution
		{C8FFF33D-9DC5-4A4E-A146-92BB1E826C24}.Debug|Any CPU.ActiveCfg = Debug|Any CPU
		{C8FFF33D-9DC5-4A4E-A146-92BB1E826C24}.Debug|Any CPU.Build.0 = Debug|Any CPU
		{C8FFF33D-9DC5-4A4E-A146-92BB1E826C24}.Release|Any CPU.ActiveCfg = Release|Any CPU
		{C8FFF33D-9DC5-4A4E-A146-92BB1E826C24}.Release|Any CPU.Build.0 = Release|Any CPU
		{3D8BD728-C757-4010-B2FE-EBD390765E0A}.Debug|Any CPU.ActiveCfg = Debug|Any CPU
		{3D8BD728-C757-4010-B2FE-EBD390765E0A}.Debug|Any CPU.Build.0 = Debug|Any CPU
		{3D8BD728-C757-4010-B2FE-EBD390765E0A}.Release|Any CPU.ActiveCfg = Release|Any CPU
		{3D8BD728-C757-4010-B2FE-EBD390765E0A}.Release|Any CPU.Build.0 = Release|Any CPU
		{F20DCBEC-A72F-4D45-B48E-318071FC50C2}.Debug|Any CPU.ActiveCfg = Debug|Any CPU
		{F20DCBEC-A72F-4D45-B48E-318071FC50C2}.Debug|Any CPU.Build.0 = Debug|Any CPU
		{F20DCBEC-A72F-4D45-B48E-318071FC50C2}.Release|Any CPU.ActiveCfg = Release|Any CPU
		{F20DCBEC-A72F-4D45-B48E-318071FC50C2}.Release|Any CPU.Build.0 = Release|Any CPU
		{40071206-34EB-4AD3-830C-A3486DC3C4FE}.Debug|Any CPU.ActiveCfg = Debug|Any CPU
		{40071206-34EB-4AD3-830C-A3486DC3C4FE}.Debug|Any CPU.Build.0 = Debug|Any CPU
		{40071206-34EB-4AD3-830C-A3486DC3C4FE}.Release|Any CPU.ActiveCfg = Release|Any CPU
		{40071206-34EB-4AD3-830C-A3486DC3C4FE}.Release|Any CPU.Build.0 = Release|Any CPU
		{C22D3E1F-6D93-4B79-BDC4-9367B4DEFA02}.Debug|Any CPU.ActiveCfg = Debug|Any CPU
		{C22D3E1F-6D93-4B79-BDC4-9367B4DEFA02}.Debug|Any CPU.Build.0 = Debug|Any CPU
		{C22D3E1F-6D93-4B79-BDC4-9367B4DEFA02}.Release|Any CPU.ActiveCfg = Release|Any CPU
		{C22D3E1F-6D93-4B79-BDC4-9367B4DEFA02}.Release|Any CPU.Build.0 = Release|Any CPU
		{2F6EA022-49C3-4CEA-A2C0-A43B726A4391}.Debug|Any CPU.ActiveCfg = Debug|Any CPU
		{2F6EA022-49C3-4CEA-A2C0-A43B726A4391}.Debug|Any CPU.Build.0 = Debug|Any CPU
		{2F6EA022-49C3-4CEA-A2C0-A43B726A4391}.Release|Any CPU.ActiveCfg = Release|Any CPU
		{2F6EA022-49C3-4CEA-A2C0-A43B726A4391}.Release|Any CPU.Build.0 = Release|Any CPU
	EndGlobalSection
	GlobalSection(SolutionProperties) = preSolution
		HideSolutionNode = FALSE
	EndGlobalSection
	GlobalSection(ExtensibilityGlobals) = postSolution
		SolutionGuid = {5E97A1A4-F569-4EC2-94C1-385F57D12D0A}
	EndGlobalSection
EndGlobal
